
Microsoft Visual Studio Solution File, Format Version 12.00
# Visual Studio Version 17
VisualStudioVersion = 17.11.35219.272
MinimumVisualStudioVersion = 10.0.40219.1
Project("{FAE04EC0-301F-11D3-BF4B-00C04F79EFBC}") = "Composite pattern", "Composite pattern\Composite pattern.csproj", "{26F60D00-ABF5-4E1F-9191-C83B452871F4}"
EndProject
Global
	GlobalSection(SolutionConfigurationPlatforms) = preSolution
		Debug|Any CPU = Debug|Any CPU
		Release|Any CPU = Release|Any CPU
	EndGlobalSection
	GlobalSection(ProjectConfigurationPlatforms) = postSolution
		{26F60D00-ABF5-4E1F-9191-C83B452871F4}.Debug|Any CPU.ActiveCfg = Debug|Any CPU
		{26F60D00-ABF5-4E1F-9191-C83B452871F4}.Debug|Any CPU.Build.0 = Debug|Any CPU
		{26F60D00-ABF5-4E1F-9191-C83B452871F4}.Release|Any CPU.ActiveCfg = Release|Any CPU
		{26F60D00-ABF5-4E1F-9191-C83B452871F4}.Release|Any CPU.Build.0 = Release|Any CPU
	EndGlobalSection
	GlobalSection(SolutionProperties) = preSolution
		HideSolutionNode = FALSE
	EndGlobalSection
	GlobalSection(ExtensibilityGlobals) = postSolution
		SolutionGuid = {CB559232-CEFF-4601-AB14-3AC894F31E82}
	EndGlobalSection
EndGlobal
